PODS:
  - BaseVCKit (0.4.5):
    - Kingfisher (~> 3.0)
    - SnapKit (~> 3.0)
  - FBSnapshotTestCase (2.1.4):
    - FBSnapshotTestCase/SwiftSupport (= 2.1.4)
  - FBSnapshotTestCase/Core (2.1.4)
  - FBSnapshotTestCase/SwiftSupport (2.1.4):
    - FBSnapshotTestCase/Core
  - Kingfisher (3.9.1)
  - SnapKit (3.2.0)

DEPENDENCIES:
  - BaseVCKit (from `../`)
  - FBSnapshotTestCase

EXTERNAL SOURCES:
  BaseVCKit:
    :path: "../"

SPEC CHECKSUMS:
  BaseVCKit: b87662f9ad1fb1c0f5b440394d0e1f6c83f4494e
  FBSnapshotTestCase: 094f9f314decbabe373b87cc339bea235a63e07a
  Kingfisher: 6729a0baaa458245bfb8cd5a1296c71c10d6eb6c
  SnapKit: 1ca44df72cfa543218d177cb8aab029d10d86ea7

PODFILE CHECKSUM: 603e12f534311d5f70e7ff71af52818c0713e51e

COCOAPODS: 1.2.1
