PODS:
  - BaseVCKit (0.1.0):
    - SnapKit (~> 3.0)
  - FBSnapshotTestCase (2.1.4):
    - FBSnapshotTestCase/SwiftSupport (= 2.1.4)
  - FBSnapshotTestCase/Core (2.1.4)
  - FBSnapshotTestCase/SwiftSupport (2.1.4):
    - FBSnapshotTestCase/Core
  - SnapKit (3.2.0)

DEPENDENCIES:
  - BaseVCKit (from `../`)
  - FBSnapshotTestCase

EXTERNAL SOURCES:
  BaseVCKit:
    :path: "../"

SPEC CHECKSUMS:
  BaseVCKit: 3fa29cd24634fba8269d503dd1302643ae46a039
  FBSnapshotTestCase: 094f9f314decbabe373b87cc339bea235a63e07a
  SnapKit: 1ca44df72cfa543218d177cb8aab029d10d86ea7

PODFILE CHECKSUM: 603e12f534311d5f70e7ff71af52818c0713e51e

COCOAPODS: 1.2.1
